
Microsoft Visual Studio Solution File, Format Version 12.00
# Visual Studio 14
VisualStudioVersion = 14.0.25420.1
MinimumVisualStudioVersion = 10.0.40219.1
Project("{FAE04EC0-301F-11D3-BF4B-00C04F79EFBC}") = "Complex Conditional Statements", "Complex Conditional Statements\Complex Conditional Statements.csproj", "{121C108E-DB84-490C-8DB4-52FF8D59E993}"
EndProject
Project("{FAE04EC0-301F-11D3-BF4B-00C04F79EFBC}") = "Personal Titles", "Personal Titles\Personal Titles.csproj", "{E7DCB8AA-8534-495F-8996-22E1E05F48C7}"
EndProject
Project("{FAE04EC0-301F-11D3-BF4B-00C04F79EFBC}") = "Small Shop", "Small Shop\Small Shop.csproj", "{E1F4DD85-B216-44ED-BC11-79EA8DAEABB2}"
EndProject
Project("{FAE04EC0-301F-11D3-BF4B-00C04F79EFBC}") = "Fruit or Vegetable", "Fruit or Vegetable\Fruit or Vegetable.csproj", "{6C031B6C-69FF-4D4B-B3DD-70FBFF0DAD29}"
EndProject
Project("{FAE04EC0-301F-11D3-BF4B-00C04F79EFBC}") = "Point in Rectangle", "Point in Rectangle\Point in Rectangle.csproj", "{17AE7194-C897-442B-A789-3FDDC3A609E8}"
EndProject
Project("{FAE04EC0-301F-11D3-BF4B-00C04F79EFBC}") = "ConsoleApplication1wadwad", "ConsoleApplication1wadwad\ConsoleApplication1wadwad.csproj", "{CECBEA66-EE7F-4F1B-AD14-DE58035CE987}"
EndProject
Project("{FAE04EC0-301F-11D3-BF4B-00C04F79EFBC}") = "Invalid Number", "Invalid Number\Invalid Number.csproj", "{D00A7F91-4587-4705-92F6-A1531E304CE1}"
EndProject
Global
	GlobalSection(SolutionConfigurationPlatforms) = preSolution
		Debug|Any CPU = Debug|Any CPU
		Release|Any CPU = Release|Any CPU
	EndGlobalSection
	GlobalSection(ProjectConfigurationPlatforms) = postSolution
		{121C108E-DB84-490C-8DB4-52FF8D59E993}.Debug|Any CPU.ActiveCfg = Debug|Any CPU
		{121C108E-DB84-490C-8DB4-52FF8D59E993}.Debug|Any CPU.Build.0 = Debug|Any CPU
		{121C108E-DB84-490C-8DB4-52FF8D59E993}.Release|Any CPU.ActiveCfg = Release|Any CPU
		{121C108E-DB84-490C-8DB4-52FF8D59E993}.Release|Any CPU.Build.0 = Release|Any CPU
		{E7DCB8AA-8534-495F-8996-22E1E05F48C7}.Debug|Any CPU.ActiveCfg = Debug|Any CPU
		{E7DCB8AA-8534-495F-8996-22E1E05F48C7}.Debug|Any CPU.Build.0 = Debug|Any CPU
		{E7DCB8AA-8534-495F-8996-22E1E05F48C7}.Release|Any CPU.ActiveCfg = Release|Any CPU
		{E7DCB8AA-8534-495F-8996-22E1E05F48C7}.Release|Any CPU.Build.0 = Release|Any CPU
		{E1F4DD85-B216-44ED-BC11-79EA8DAEABB2}.Debug|Any CPU.ActiveCfg = Debug|Any CPU
		{E1F4DD85-B216-44ED-BC11-79EA8DAEABB2}.Debug|Any CPU.Build.0 = Debug|Any CPU
		{E1F4DD85-B216-44ED-BC11-79EA8DAEABB2}.Release|Any CPU.ActiveCfg = Release|Any CPU
		{E1F4DD85-B216-44ED-BC11-79EA8DAEABB2}.Release|Any CPU.Build.0 = Release|Any CPU
		{6C031B6C-69FF-4D4B-B3DD-70FBFF0DAD29}.Debug|Any CPU.ActiveCfg = Debug|Any CPU
		{6C031B6C-69FF-4D4B-B3DD-70FBFF0DAD29}.Debug|Any CPU.Build.0 = Debug|Any CPU
		{6C031B6C-69FF-4D4B-B3DD-70FBFF0DAD29}.Release|Any CPU.ActiveCfg = Release|Any CPU
		{6C031B6C-69FF-4D4B-B3DD-70FBFF0DAD29}.Release|Any CPU.Build.0 = Release|Any CPU
		{17AE7194-C897-442B-A789-3FDDC3A609E8}.Debug|Any CPU.ActiveCfg = Debug|Any CPU
		{17AE7194-C897-442B-A789-3FDDC3A609E8}.Debug|Any CPU.Build.0 = Debug|Any CPU
		{17AE7194-C897-442B-A789-3FDDC3A609E8}.Release|Any CPU.ActiveCfg = Release|Any CPU
		{17AE7194-C897-442B-A789-3FDDC3A609E8}.Release|Any CPU.Build.0 = Release|Any CPU
		{CECBEA66-EE7F-4F1B-AD14-DE58035CE987}.Debug|Any CPU.ActiveCfg = Debug|Any CPU
		{CECBEA66-EE7F-4F1B-AD14-DE58035CE987}.Debug|Any CPU.Build.0 = Debug|Any CPU
		{CECBEA66-EE7F-4F1B-AD14-DE58035CE987}.Release|Any CPU.ActiveCfg = Release|Any CPU
		{CECBEA66-EE7F-4F1B-AD14-DE58035CE987}.Release|Any CPU.Build.0 = Release|Any CPU
		{D00A7F91-4587-4705-92F6-A1531E304CE1}.Debug|Any CPU.ActiveCfg = Debug|Any CPU
		{D00A7F91-4587-4705-92F6-A1531E304CE1}.Debug|Any CPU.Build.0 = Debug|Any CPU
		{D00A7F91-4587-4705-92F6-A1531E304CE1}.Release|Any CPU.ActiveCfg = Release|Any CPU
		{D00A7F91-4587-4705-92F6-A1531E304CE1}.Release|Any CPU.Build.0 = Release|Any CPU
	EndGlobalSection
	GlobalSection(SolutionProperties) = preSolution
		HideSolutionNode = FALSE
	EndGlobalSection
EndGlobal
